// !$*UTF8*$!
{
	archiveVersion = 1;
	classes = {
	};
	objectVersion = 56;
	objects = {

/* Begin PBXBuildFile section */
		2C51C9A329A3D90D001066F5 /* NSNotificationName.swift in Sources */ = {isa = PBXBuildFile; fileRef = 2C51C9A229A3D90D001066F5 /* NSNotificationName.swift */; };
		2C51C9A529A3DAC6001066F5 /* UITextField+SecureToggle.swift in Sources */ = {isa = PBXBuildFile; fileRef = 2C51C9A429A3DAC6001066F5 /* UITextField+SecureToggle.swift */; };
		2C9CC05629942ED80031C15D /* AccountSummaryViewController.swift in Sources */ = {isa = PBXBuildFile; fileRef = 2C9CC05529942ED80031C15D /* AccountSummaryViewController.swift */; };
		2C9CC05829942F060031C15D /* AccountSummaryHeaderView.swift in Sources */ = {isa = PBXBuildFile; fileRef = 2C9CC05729942F060031C15D /* AccountSummaryHeaderView.swift */; };
		2C9CC05A299433A40031C15D /* AccountSummaryHeaderView.xib in Resources */ = {isa = PBXBuildFile; fileRef = 2C9CC059299433A40031C15D /* AccountSummaryHeaderView.xib */; };
		2C9CC05E299443980031C15D /* AccountSummaryCell.swift in Sources */ = {isa = PBXBuildFile; fileRef = 2C9CC05D299443980031C15D /* AccountSummaryCell.swift */; };
		2C9CC06029945DBA0031C15D /* Decimal+Utilities.swift in Sources */ = {isa = PBXBuildFile; fileRef = 2C9CC05F29945DBA0031C15D /* Decimal+Utilities.swift */; };
		2C9CC06229945DFE0031C15D /* CurrencyFormatter.swift in Sources */ = {isa = PBXBuildFile; fileRef = 2C9CC06129945DFE0031C15D /* CurrencyFormatter.swift */; };
		2C9CC0712994B6390031C15D /* CurrencyFormatterTests.swift in Sources */ = {isa = PBXBuildFile; fileRef = 2C9CC0702994B6390031C15D /* CurrencyFormatterTests.swift */; };
		2CB735BB2992C45F00D6A701 /* AppDelegate.swift in Sources */ = {isa = PBXBuildFile; fileRef = 2CB735BA2992C45F00D6A701 /* AppDelegate.swift */; };
		2CB735BD2992C45F00D6A701 /* SceneDelegate.swift in Sources */ = {isa = PBXBuildFile; fileRef = 2CB735BC2992C45F00D6A701 /* SceneDelegate.swift */; };
		2CB735C42992C45F00D6A701 /* Assets.xcassets in Resources */ = {isa = PBXBuildFile; fileRef = 2CB735C32992C45F00D6A701 /* Assets.xcassets */; };
		2CB735C72992C45F00D6A701 /* LaunchScreen.storyboard in Resources */ = {isa = PBXBuildFile; fileRef = 2CB735C52992C45F00D6A701 /* LaunchScreen.storyboard */; };
		2CF624732992DB2E00DE4A01 /* LoginViewController.swift in Sources */ = {isa = PBXBuildFile; fileRef = 2CF624722992DB2E00DE4A01 /* LoginViewController.swift */; };
		2CF624752992DB3C00DE4A01 /* LoginView.swift in Sources */ = {isa = PBXBuildFile; fileRef = 2CF624742992DB3C00DE4A01 /* LoginView.swift */; };
		2CF6247B2993025D00DE4A01 /* OnboardingContainerViewController.swift in Sources */ = {isa = PBXBuildFile; fileRef = 2CF6247A2993025D00DE4A01 /* OnboardingContainerViewController.swift */; };
		2CF6247D2993026A00DE4A01 /* OnboardingViewController.swift in Sources */ = {isa = PBXBuildFile; fileRef = 2CF6247C2993026A00DE4A01 /* OnboardingViewController.swift */; };
		2CF6247F29930C1200DE4A01 /* DummyViewController.swift in Sources */ = {isa = PBXBuildFile; fileRef = 2CF6247E29930C1200DE4A01 /* DummyViewController.swift */; };
		2CF62482299344A900DE4A01 /* LocalState.swift in Sources */ = {isa = PBXBuildFile; fileRef = 2CF62481299344A900DE4A01 /* LocalState.swift */; };
		2CF6248429937EA200DE4A01 /* UIViewController+Ext.swift in Sources */ = {isa = PBXBuildFile; fileRef = 2CF6248329937EA200DE4A01 /* UIViewController+Ext.swift */; };
		2CF6248629937FE100DE4A01 /* MainViewController.swift in Sources */ = {isa = PBXBuildFile; fileRef = 2CF6248529937FE100DE4A01 /* MainViewController.swift */; };
/* End PBXBuildFile section */

/* Begin PBXContainerItemProxy section */
		2C9CC06B2994B5B90031C15D /* PBXContainerItemProxy */ = {
			isa = PBXContainerItemProxy;
			containerPortal = 2CB735AF2992C45F00D6A701 /* Project object */;
			proxyType = 1;
			remoteGlobalIDString = 2CB735B62992C45F00D6A701;
			remoteInfo = BankApp;
		};
/* End PBXContainerItemProxy section */

/* Begin PBXFileReference section */
		2C51C9A229A3D90D001066F5 /* NSNotificationName.swift */ = {isa = PBXFileReference; lastKnownFileType = sourcecode.swift; path = NSNotificationName.swift; sourceTree = "<group>"; };
		2C51C9A429A3DAC6001066F5 /* UITextField+SecureToggle.swift */ = {isa = PBXFileReference; lastKnownFileType = sourcecode.swift; path = "UITextField+SecureToggle.swift"; sourceTree = "<group>"; };
		2C9CC05529942ED80031C15D /* AccountSummaryViewController.swift */ = {isa = PBXFileReference; lastKnownFileType = sourcecode.swift; path = AccountSummaryViewController.swift; sourceTree = "<group>"; };
		2C9CC05729942F060031C15D /* AccountSummaryHeaderView.swift */ = {isa = PBXFileReference; lastKnownFileType = sourcecode.swift; path = AccountSummaryHeaderView.swift; sourceTree = "<group>"; };
		2C9CC059299433A40031C15D /* AccountSummaryHeaderView.xib */ = {isa = PBXFileReference; lastKnownFileType = file.xib; path = AccountSummaryHeaderView.xib; sourceTree = "<group>"; };
		2C9CC05D299443980031C15D /* AccountSummaryCell.swift */ = {isa = PBXFileReference; lastKnownFileType = sourcecode.swift; path = AccountSummaryCell.swift; sourceTree = "<group>"; };
		2C9CC05F29945DBA0031C15D /* Decimal+Utilities.swift */ = {isa = PBXFileReference; lastKnownFileType = sourcecode.swift; path = "Decimal+Utilities.swift"; sourceTree = "<group>"; };
		2C9CC06129945DFE0031C15D /* CurrencyFormatter.swift */ = {isa = PBXFileReference; lastKnownFileType = sourcecode.swift; path = CurrencyFormatter.swift; sourceTree = "<group>"; };
		2C9CC0672994B5B90031C15D /* BankUnitTests.xctest */ = {isa = PBXFileReference; explicitFileType = wrapper.cfbundle; includeInIndex = 0; path = BankUnitTests.xctest; sourceTree = BUILT_PRODUCTS_DIR; };
		2C9CC0702994B6390031C15D /* CurrencyFormatterTests.swift */ = {isa = PBXFileReference; lastKnownFileType = sourcecode.swift; path = CurrencyFormatterTests.swift; sourceTree = "<group>"; };
		2CB735B72992C45F00D6A701 /* BankApp.app */ = {isa = PBXFileReference; explicitFileType = wrapper.application; includeInIndex = 0; path = BankApp.app; sourceTree = BUILT_PRODUCTS_DIR; };
		2CB735BA2992C45F00D6A701 /* AppDelegate.swift */ = {isa = PBXFileReference; lastKnownFileType = sourcecode.swift; path = AppDelegate.swift; sourceTree = "<group>"; };
		2CB735BC2992C45F00D6A701 /* SceneDelegate.swift */ = {isa = PBXFileReference; lastKnownFileType = sourcecode.swift; path = SceneDelegate.swift; sourceTree = "<group>"; };
		2CB735C32992C45F00D6A701 /* Assets.xcassets */ = {isa = PBXFileReference; lastKnownFileType = folder.assetcatalog; path = Assets.xcassets; sourceTree = "<group>"; };
		2CB735C62992C45F00D6A701 /* Base */ = {isa = PBXFileReference; lastKnownFileType = file.storyboard; name = Base; path = Base.lproj/LaunchScreen.storyboard; sourceTree = "<group>"; };
		2CB735C82992C45F00D6A701 /* Info.plist */ = {isa = PBXFileReference; lastKnownFileType = text.plist.xml; path = Info.plist; sourceTree = "<group>"; };
		2CF624722992DB2E00DE4A01 /* LoginViewController.swift */ = {isa = PBXFileReference; lastKnownFileType = sourcecode.swift; path = LoginViewController.swift; sourceTree = "<group>"; };
		2CF624742992DB3C00DE4A01 /* LoginView.swift */ = {isa = PBXFileReference; lastKnownFileType = sourcecode.swift; path = LoginView.swift; sourceTree = "<group>"; };
		2CF6247A2993025D00DE4A01 /* OnboardingContainerViewController.swift */ = {isa = PBXFileReference; lastKnownFileType = sourcecode.swift; path = OnboardingContainerViewController.swift; sourceTree = "<group>"; };
		2CF6247C2993026A00DE4A01 /* OnboardingViewController.swift */ = {isa = PBXFileReference; lastKnownFileType = sourcecode.swift; path = OnboardingViewController.swift; sourceTree = "<group>"; };
		2CF6247E29930C1200DE4A01 /* DummyViewController.swift */ = {isa = PBXFileReference; lastKnownFileType = sourcecode.swift; path = DummyViewController.swift; sourceTree = "<group>"; };
		2CF62481299344A900DE4A01 /* LocalState.swift */ = {isa = PBXFileReference; lastKnownFileType = sourcecode.swift; path = LocalState.swift; sourceTree = "<group>"; };
		2CF6248329937EA200DE4A01 /* UIViewController+Ext.swift */ = {isa = PBXFileReference; lastKnownFileType = sourcecode.swift; path = "UIViewController+Ext.swift"; sourceTree = "<group>"; };
		2CF6248529937FE100DE4A01 /* MainViewController.swift */ = {isa = PBXFileReference; lastKnownFileType = sourcecode.swift; path = MainViewController.swift; sourceTree = "<group>"; };
/* End PBXFileReference section */

/* Begin PBXFrameworksBuildPhase section */
		2C9CC0642994B5B90031C15D /* Frameworks */ = {
			isa = PBXFrameworksBuildPhase;
			buildActionMask = 2147483647;
			files = (
			);
			runOnlyForDeploymentPostprocessing = 0;
		};
		2CB735B42992C45F00D6A701 /* Frameworks */ = {
			isa = PBXFrameworksBuildPhase;
			buildActionMask = 2147483647;
			files = (
			);
			runOnlyForDeploymentPostprocessing = 0;
		};
/* End PBXFrameworksBuildPhase section */

/* Begin PBXGroup section */
		2C9CC05429942E9E0031C15D /* AccountSummary */ = {
			isa = PBXGroup;
			children = (
				2C9CC05529942ED80031C15D /* AccountSummaryViewController.swift */,
				2C9CC05B299443570031C15D /* Header */,
				2C9CC05C2994435F0031C15D /* Cell */,
			);
			path = AccountSummary;
			sourceTree = "<group>";
		};
		2C9CC05B299443570031C15D /* Header */ = {
			isa = PBXGroup;
			children = (
				2C9CC05729942F060031C15D /* AccountSummaryHeaderView.swift */,
				2C9CC059299433A40031C15D /* AccountSummaryHeaderView.xib */,
			);
			path = Header;
			sourceTree = "<group>";
		};
		2C9CC05C2994435F0031C15D /* Cell */ = {
			isa = PBXGroup;
			children = (
				2C9CC05D299443980031C15D /* AccountSummaryCell.swift */,
			);
			path = Cell;
			sourceTree = "<group>";
		};
		2C9CC0682994B5B90031C15D /* BankUnitTests */ = {
			isa = PBXGroup;
			children = (
				2C9CC0702994B6390031C15D /* CurrencyFormatterTests.swift */,
			);
			path = BankUnitTests;
			sourceTree = "<group>";
		};
		2CB735AE2992C45F00D6A701 = {
			isa = PBXGroup;
			children = (
				2CB735B92992C45F00D6A701 /* BankApp */,
				2C9CC0682994B5B90031C15D /* BankUnitTests */,
				2CB735B82992C45F00D6A701 /* Products */,
			);
			sourceTree = "<group>";
		};
		2CB735B82992C45F00D6A701 /* Products */ = {
			isa = PBXGroup;
			children = (
				2CB735B72992C45F00D6A701 /* BankApp.app */,
				2C9CC0672994B5B90031C15D /* BankUnitTests.xctest */,
			);
			name = Products;
			sourceTree = "<group>";
		};
		2CB735B92992C45F00D6A701 /* BankApp */ = {
			isa = PBXGroup;
			children = (
				2CF6248529937FE100DE4A01 /* MainViewController.swift */,
				2CB735CF2992C4FF00D6A701 /* LogIn */,
				2CF624792993023F00DE4A01 /* Onboarding */,
				2C9CC05429942E9E0031C15D /* AccountSummary */,
				2CF624802993449600DE4A01 /* Utilities */,
				2CB735CE2992C47B00D6A701 /* Resources */,
			);
			path = BankApp;
			sourceTree = "<group>";
		};
		2CB735CE2992C47B00D6A701 /* Resources */ = {
			isa = PBXGroup;
			children = (
				2CB735BA2992C45F00D6A701 /* AppDelegate.swift */,
				2CB735BC2992C45F00D6A701 /* SceneDelegate.swift */,
				2CB735C32992C45F00D6A701 /* Assets.xcassets */,
				2CB735C52992C45F00D6A701 /* LaunchScreen.storyboard */,
				2CB735C82992C45F00D6A701 /* Info.plist */,
			);
			path = Resources;
			sourceTree = "<group>";
		};
		2CB735CF2992C4FF00D6A701 /* LogIn */ = {
			isa = PBXGroup;
			children = (
				2CF624722992DB2E00DE4A01 /* LoginViewController.swift */,
				2CF624742992DB3C00DE4A01 /* LoginView.swift */,
				2CF6247E29930C1200DE4A01 /* DummyViewController.swift */,
			);
			path = LogIn;
			sourceTree = "<group>";
		};
		2CF624792993023F00DE4A01 /* Onboarding */ = {
			isa = PBXGroup;
			children = (
				2CF6247A2993025D00DE4A01 /* OnboardingContainerViewController.swift */,
				2CF6247C2993026A00DE4A01 /* OnboardingViewController.swift */,
			);
			path = Onboarding;
			sourceTree = "<group>";
		};
		2CF624802993449600DE4A01 /* Utilities */ = {
			isa = PBXGroup;
			children = (
				2CF62481299344A900DE4A01 /* LocalState.swift */,
				2CF6248329937EA200DE4A01 /* UIViewController+Ext.swift */,
				2C9CC05F29945DBA0031C15D /* Decimal+Utilities.swift */,
				2C51C9A429A3DAC6001066F5 /* UITextField+SecureToggle.swift */,
				2C9CC06129945DFE0031C15D /* CurrencyFormatter.swift */,
				2C51C9A229A3D90D001066F5 /* NSNotificationName.swift */,
			);
			path = Utilities;
			sourceTree = "<group>";
		};
/* End PBXGroup section */

/* Begin PBXNativeTarget section */
		2C9CC0662994B5B90031C15D /* BankUnitTests */ = {
			isa = PBXNativeTarget;
			buildConfigurationList = 2C9CC06D2994B5B90031C15D /* Build configuration list for PBXNativeTarget "BankUnitTests" */;
			buildPhases = (
				2C9CC0632994B5B90031C15D /* Sources */,
				2C9CC0642994B5B90031C15D /* Frameworks */,
				2C9CC0652994B5B90031C15D /* Resources */,
			);
			buildRules = (
			);
			dependencies = (
				2C9CC06C2994B5B90031C15D /* PBXTargetDependency */,
			);
			name = BankUnitTests;
			productName = BankUnitTests;
			productReference = 2C9CC0672994B5B90031C15D /* BankUnitTests.xctest */;
			productType = "com.apple.product-type.bundle.unit-test";
		};
		2CB735B62992C45F00D6A701 /* BankApp */ = {
			isa = PBXNativeTarget;
			buildConfigurationList = 2CB735CB2992C45F00D6A701 /* Build configuration list for PBXNativeTarget "BankApp" */;
			buildPhases = (
				2CB735B32992C45F00D6A701 /* Sources */,
				2CB735B42992C45F00D6A701 /* Frameworks */,
				2CB735B52992C45F00D6A701 /* Resources */,
			);
			buildRules = (
			);
			dependencies = (
			);
			name = BankApp;
			productName = BankApp;
			productReference = 2CB735B72992C45F00D6A701 /* BankApp.app */;
			productType = "com.apple.product-type.application";
		};
/* End PBXNativeTarget section */

/* Begin PBXProject section */
		2CB735AF2992C45F00D6A701 /* Project object */ = {
			isa = PBXProject;
			attributes = {
				BuildIndependentTargetsInParallel = 1;
				LastSwiftUpdateCheck = 1420;
				LastUpgradeCheck = 1420;
				TargetAttributes = {
					2C9CC0662994B5B90031C15D = {
						CreatedOnToolsVersion = 14.2;
						LastSwiftMigration = 1420;
						TestTargetID = 2CB735B62992C45F00D6A701;
					};
					2CB735B62992C45F00D6A701 = {
						CreatedOnToolsVersion = 14.2;
					};
				};
			};
			buildConfigurationList = 2CB735B22992C45F00D6A701 /* Build configuration list for PBXProject "BankApp" */;
			compatibilityVersion = "Xcode 14.0";
			developmentRegion = en;
			hasScannedForEncodings = 0;
			knownRegions = (
				en,
				Base,
			);
			mainGroup = 2CB735AE2992C45F00D6A701;
			productRefGroup = 2CB735B82992C45F00D6A701 /* Products */;
			projectDirPath = "";
			projectRoot = "";
			targets = (
				2CB735B62992C45F00D6A701 /* BankApp */,
				2C9CC0662994B5B90031C15D /* BankUnitTests */,
			);
		};
/* End PBXProject section */

/* Begin PBXResourcesBuildPhase section */
		2C9CC0652994B5B90031C15D /* Resources */ = {
			isa = PBXResourcesBuildPhase;
			buildActionMask = 2147483647;
			files = (
			);
			runOnlyForDeploymentPostprocessing = 0;
		};
		2CB735B52992C45F00D6A701 /* Resources */ = {
			isa = PBXResourcesBuildPhase;
			buildActionMask = 2147483647;
			files = (
				2C9CC05A299433A40031C15D /* AccountSummaryHeaderView.xib in Resources */,
				2CB735C72992C45F00D6A701 /* LaunchScreen.storyboard in Resources */,
				2CB735C42992C45F00D6A701 /* Assets.xcassets in Resources */,
			);
			runOnlyForDeploymentPostprocessing = 0;
		};
/* End PBXResourcesBuildPhase section */

/* Begin PBXSourcesBuildPhase section */
		2C9CC0632994B5B90031C15D /* Sources */ = {
			isa = PBXSourcesBuildPhase;
			buildActionMask = 2147483647;
			files = (
				2C9CC0712994B6390031C15D /* CurrencyFormatterTests.swift in Sources */,
			);
			runOnlyForDeploymentPostprocessing = 0;
		};
		2CB735B32992C45F00D6A701 /* Sources */ = {
			isa = PBXSourcesBuildPhase;
			buildActionMask = 2147483647;
			files = (
				2C9CC05829942F060031C15D /* AccountSummaryHeaderView.swift in Sources */,
				2C9CC05E299443980031C15D /* AccountSummaryCell.swift in Sources */,
				2CF6247F29930C1200DE4A01 /* DummyViewController.swift in Sources */,
				2CF624732992DB2E00DE4A01 /* LoginViewController.swift in Sources */,
				2C9CC06229945DFE0031C15D /* CurrencyFormatter.swift in Sources */,
				2CF6247D2993026A00DE4A01 /* OnboardingViewController.swift in Sources */,
				2CB735BB2992C45F00D6A701 /* AppDelegate.swift in Sources */,
				2C9CC06029945DBA0031C15D /* Decimal+Utilities.swift in Sources */,
				2CF624752992DB3C00DE4A01 /* LoginView.swift in Sources */,
				2CF6247B2993025D00DE4A01 /* OnboardingContainerViewController.swift in Sources */,
				2CB735BD2992C45F00D6A701 /* SceneDelegate.swift in Sources */,
				2CF62482299344A900DE4A01 /* LocalState.swift in Sources */,
				2C51C9A329A3D90D001066F5 /* NSNotificationName.swift in Sources */,
				2C51C9A529A3DAC6001066F5 /* UITextField+SecureToggle.swift in Sources */,
				2C9CC05629942ED80031C15D /* AccountSummaryViewController.swift in Sources */,
				2CF6248429937EA200DE4A01 /* UIViewController+Ext.swift in Sources */,
				2CF6248629937FE100DE4A01 /* MainViewController.swift in Sources */,
			);
			runOnlyForDeploymentPostprocessing = 0;
		};
/* End PBXSourcesBuildPhase section */

/* Begin PBXTargetDependency section */
		2C9CC06C2994B5B90031C15D /* PBXTargetDependency */ = {
			isa = PBXTargetDependency;
			target = 2CB735B62992C45F00D6A701 /* BankApp */;
			targetProxy = 2C9CC06B2994B5B90031C15D /* PBXContainerItemProxy */;
		};
/* End PBXTargetDependency section */

/* Begin PBXVariantGroup section */
		2CB735C52992C45F00D6A701 /* LaunchScreen.storyboard */ = {
			isa = PBXVariantGroup;
			children = (
				2CB735C62992C45F00D6A701 /* Base */,
			);
			name = LaunchScreen.storyboard;
			sourceTree = "<group>";
		};
/* End PBXVariantGroup section */

/* Begin XCBuildConfiguration section */
		2C9CC06E2994B5B90031C15D /* Debug */ = {
			isa = XCBuildConfiguration;
			buildSettings = {
				BUNDLE_LOADER = "$(TEST_HOST)";
				CLANG_ENABLE_MODULES = YES;
				CODE_SIGN_STYLE = Automatic;
				CURRENT_PROJECT_VERSION = 1;
				DEVELOPMENT_TEAM = 6UUX2L32WR;
				GENERATE_INFOPLIST_FILE = YES;
				LD_RUNPATH_SEARCH_PATHS = (
					"$(inherited)",
					"@executable_path/Frameworks",
					"@loader_path/Frameworks",
				);
				MARKETING_VERSION = 1.0;
				PRODUCT_BUNDLE_IDENTIFIER = com.royalbluesoftware.BankUnitTests;
				PRODUCT_NAME = "$(TARGET_NAME)";
				SWIFT_EMIT_LOC_STRINGS = NO;
				SWIFT_OPTIMIZATION_LEVEL = "-Onone";
				SWIFT_VERSION = 5.0;
				TARGETED_DEVICE_FAMILY = "1,2";
				TEST_HOST = "$(BUILT_PRODUCTS_DIR)/BankApp.app/$(BUNDLE_EXECUTABLE_FOLDER_PATH)/BankApp";
			};
			name = Debug;
		};
		2C9CC06F2994B5B90031C15D /* Release */ = {
			isa = XCBuildConfiguration;
			buildSettings = {
				BUNDLE_LOADER = "$(TEST_HOST)";
				CLANG_ENABLE_MODULES = YES;
				CODE_SIGN_STYLE = Automatic;
				CURRENT_PROJECT_VERSION = 1;
				DEVELOPMENT_TEAM = 6UUX2L32WR;
				GENERATE_INFOPLIST_FILE = YES;
				LD_RUNPATH_SEARCH_PATHS = (
					"$(inherited)",
					"@executable_path/Frameworks",
					"@loader_path/Frameworks",
				);
				MARKETING_VERSION = 1.0;
				PRODUCT_BUNDLE_IDENTIFIER = com.royalbluesoftware.BankUnitTests;
				PRODUCT_NAME = "$(TARGET_NAME)";
				SWIFT_EMIT_LOC_STRINGS = NO;
				SWIFT_VERSION = 5.0;
				TARGETED_DEVICE_FAMILY = "1,2";
				TEST_HOST = "$(BUILT_PRODUCTS_DIR)/BankApp.app/$(BUNDLE_EXECUTABLE_FOLDER_PATH)/BankApp";
			};
			name = Release;
		};
		2CB735C92992C45F00D6A701 /* Debug */ = {
			isa = XCBuildConfiguration;
			buildSettings = {
				ALWAYS_SEARCH_USER_PATHS = NO;
				CLANG_ANALYZER_NONNULL = YES;
				CLANG_ANALYZER_NUMBER_OBJECT_CONVERSION = YES_AGGRESSIVE;
				CLANG_CXX_LANGUAGE_STANDARD = "gnu++20";
				CLANG_ENABLE_MODULES = YES;
				CLANG_ENABLE_OBJC_ARC = YES;
				CLANG_ENABLE_OBJC_WEAK = YES;
				CLANG_WARN_BLOCK_CAPTURE_AUTORELEASING = YES;
				CLANG_WARN_BOOL_CONVERSION = YES;
				CLANG_WARN_COMMA = YES;
				CLANG_WARN_CONSTANT_CONVERSION = YES;
				CLANG_WARN_DEPRECATED_OBJC_IMPLEMENTATIONS = YES;
				CLANG_WARN_DIRECT_OBJC_ISA_USAGE = YES_ERROR;
				CLANG_WARN_DOCUMENTATION_COMMENTS = YES;
				CLANG_WARN_EMPTY_BODY = YES;
				CLANG_WARN_ENUM_CONVERSION = YES;
				CLANG_WARN_INFINITE_RECURSION = YES;
				CLANG_WARN_INT_CONVERSION = YES;
				CLANG_WARN_NON_LITERAL_NULL_CONVERSION = YES;
				CLANG_WARN_OBJC_IMPLICIT_RETAIN_SELF = YES;
				CLANG_WARN_OBJC_LITERAL_CONVERSION = YES;
				CLANG_WARN_OBJC_ROOT_CLASS = YES_ERROR;
				CLANG_WARN_QUOTED_INCLUDE_IN_FRAMEWORK_HEADER = YES;
				CLANG_WARN_RANGE_LOOP_ANALYSIS = YES;
				CLANG_WARN_STRICT_PROTOTYPES = YES;
				CLANG_WARN_SUSPICIOUS_MOVE = YES;
				CLANG_WARN_UNGUARDED_AVAILABILITY = YES_AGGRESSIVE;
				CLANG_WARN_UNREACHABLE_CODE = YES;
				CLANG_WARN__DUPLICATE_METHOD_MATCH = YES;
				COPY_PHASE_STRIP = NO;
				DEBUG_INFORMATION_FORMAT = dwarf;
				ENABLE_STRICT_OBJC_MSGSEND = YES;
				ENABLE_TESTABILITY = YES;
				GCC_C_LANGUAGE_STANDARD = gnu11;
				GCC_DYNAMIC_NO_PIC = NO;
				GCC_NO_COMMON_BLOCKS = YES;
				GCC_OPTIMIZATION_LEVEL = 0;
				GCC_PREPROCESSOR_DEFINITIONS = (
					"DEBUG=1",
					"$(inherited)",
				);
				GCC_WARN_64_TO_32_BIT_CONVERSION = YES;
				GCC_WARN_ABOUT_RETURN_TYPE = YES_ERROR;
				GCC_WARN_UNDECLARED_SELECTOR = YES;
				GCC_WARN_UNINITIALIZED_AUTOS = YES_AGGRESSIVE;
				GCC_WARN_UNUSED_FUNCTION = YES;
				GCC_WARN_UNUSED_VARIABLE = YES;
				IPHONEOS_DEPLOYMENT_TARGET = 16.2;
				MTL_ENABLE_DEBUG_INFO = INCLUDE_SOURCE;
				MTL_FAST_MATH = YES;
				ONLY_ACTIVE_ARCH = YES;
				SDKROOT = iphoneos;
				SWIFT_ACTIVE_COMPILATION_CONDITIONS = DEBUG;
				SWIFT_OPTIMIZATION_LEVEL = "-Onone";
			};
			name = Debug;
		};
		2CB735CA2992C45F00D6A701 /* Release */ = {
			isa = XCBuildConfiguration;
			buildSettings = {
				ALWAYS_SEARCH_USER_PATHS = NO;
				CLANG_ANALYZER_NONNULL = YES;
				CLANG_ANALYZER_NUMBER_OBJECT_CONVERSION = YES_AGGRESSIVE;
				CLANG_CXX_LANGUAGE_STANDARD = "gnu++20";
				CLANG_ENABLE_MODULES = YES;
				CLANG_ENABLE_OBJC_ARC = YES;
				CLANG_ENABLE_OBJC_WEAK = YES;
				CLANG_WARN_BLOCK_CAPTURE_AUTORELEASING = YES;
				CLANG_WARN_BOOL_CONVERSION = YES;
				CLANG_WARN_COMMA = YES;
				CLANG_WARN_CONSTANT_CONVERSION = YES;
				CLANG_WARN_DEPRECATED_OBJC_IMPLEMENTATIONS = YES;
				CLANG_WARN_DIRECT_OBJC_ISA_USAGE = YES_ERROR;
				CLANG_WARN_DOCUMENTATION_COMMENTS = YES;
				CLANG_WARN_EMPTY_BODY = YES;
				CLANG_WARN_ENUM_CONVERSION = YES;
				CLANG_WARN_INFINITE_RECURSION = YES;
				CLANG_WARN_INT_CONVERSION = YES;
				CLANG_WARN_NON_LITERAL_NULL_CONVERSION = YES;
				CLANG_WARN_OBJC_IMPLICIT_RETAIN_SELF = YES;
				CLANG_WARN_OBJC_LITERAL_CONVERSION = YES;
				CLANG_WARN_OBJC_ROOT_CLASS = YES_ERROR;
				CLANG_WARN_QUOTED_INCLUDE_IN_FRAMEWORK_HEADER = YES;
				CLANG_WARN_RANGE_LOOP_ANALYSIS = YES;
				CLANG_WARN_STRICT_PROTOTYPES = YES;
				CLANG_WARN_SUSPICIOUS_MOVE = YES;
				CLANG_WARN_UNGUARDED_AVAILABILITY = YES_AGGRESSIVE;
				CLANG_WARN_UNREACHABLE_CODE = YES;
				CLANG_WARN__DUPLICATE_METHOD_MATCH = YES;
				COPY_PHASE_STRIP = NO;
				DEBUG_INFORMATION_FORMAT = "dwarf-with-dsym";
				ENABLE_NS_ASSERTIONS = NO;
				ENABLE_STRICT_OBJC_MSGSEND = YES;
				GCC_C_LANGUAGE_STANDARD = gnu11;
				GCC_NO_COMMON_BLOCKS = YES;
				GCC_WARN_64_TO_32_BIT_CONVERSION = YES;
				GCC_WARN_ABOUT_RETURN_TYPE = YES_ERROR;
				GCC_WARN_UNDECLARED_SELECTOR = YES;
				GCC_WARN_UNINITIALIZED_AUTOS = YES_AGGRESSIVE;
				GCC_WARN_UNUSED_FUNCTION = YES;
				GCC_WARN_UNUSED_VARIABLE = YES;
				IPHONEOS_DEPLOYMENT_TARGET = 16.2;
				MTL_ENABLE_DEBUG_INFO = NO;
				MTL_FAST_MATH = YES;
				SDKROOT = iphoneos;
				SWIFT_COMPILATION_MODE = wholemodule;
				SWIFT_OPTIMIZATION_LEVEL = "-O";
				VALIDATE_PRODUCT = YES;
			};
			name = Release;
		};
		2CB735CC2992C45F00D6A701 /* Debug */ = {
			isa = XCBuildConfiguration;
			buildSettings = {
				ASSETCATALOG_COMPILER_APPICON_NAME = AppIcon;
				ASSETCATALOG_COMPILER_GLOBAL_ACCENT_COLOR_NAME = AccentColor;
				CODE_SIGN_STYLE = Automatic;
				CURRENT_PROJECT_VERSION = 1;
				DEVELOPMENT_TEAM = 6UUX2L32WR;
				GENERATE_INFOPLIST_FILE = YES;
				INFOPLIST_FILE = BankApp/Resources/Info.plist;
				INFOPLIST_KEY_UIApplicationSupportsIndirectInputEvents = YES;
				INFOPLIST_KEY_UILaunchStoryboardName = LaunchScreen;
				INFOPLIST_KEY_UISupportedInterfaceOrientations_iPad = "UIInterfaceOrientationPortrait UIInterfaceOrientationPortraitUpsideDown UIInterfaceOrientationLandscapeLeft UIInterfaceOrientationLandscapeRight";
				INFOPLIST_KEY_UISupportedInterfaceOrientations_iPhone = "UIInterfaceOrientationPortrait UIInterfaceOrientationLandscapeLeft UIInterfaceOrientationLandscapeRight";
				LD_RUNPATH_SEARCH_PATHS = (
					"$(inherited)",
					"@executable_path/Frameworks",
				);
				MARKETING_VERSION = 1.0;
				PRODUCT_BUNDLE_IDENTIFIER = com.royalbluesoftware.BankApp;
				PRODUCT_NAME = "$(TARGET_NAME)";
				SWIFT_EMIT_LOC_STRINGS = YES;
				SWIFT_VERSION = 5.0;
				TARGETED_DEVICE_FAMILY = "1,2";
			};
			name = Debug;
		};
		2CB735CD2992C45F00D6A701 /* Release */ = {
			isa = XCBuildConfiguration;
			buildSettings = {
				ASSETCATALOG_COMPILER_APPICON_NAME = AppIcon;
				ASSETCATALOG_COMPILER_GLOBAL_ACCENT_COLOR_NAME = AccentColor;
				CODE_SIGN_STYLE = Automatic;
				CURRENT_PROJECT_VERSION = 1;
				DEVELOPMENT_TEAM = 6UUX2L32WR;
				GENERATE_INFOPLIST_FILE = YES;
				INFOPLIST_FILE = BankApp/Resources/Info.plist;
				INFOPLIST_KEY_UIApplicationSupportsIndirectInputEvents = YES;
				INFOPLIST_KEY_UILaunchStoryboardName = LaunchScreen;
				INFOPLIST_KEY_UISupportedInterfaceOrientations_iPad = "UIInterfaceOrientationPortrait UIInterfaceOrientationPortraitUpsideDown UIInterfaceOrientationLandscapeLeft UIInterfaceOrientationLandscapeRight";
				INFOPLIST_KEY_UISupportedInterfaceOrientations_iPhone = "UIInterfaceOrientationPortrait UIInterfaceOrientationLandscapeLeft UIInterfaceOrientationLandscapeRight";
				LD_RUNPATH_SEARCH_PATHS = (
					"$(inherited)",
					"@executable_path/Frameworks",
				);
				MARKETING_VERSION = 1.0;
				PRODUCT_BUNDLE_IDENTIFIER = com.royalbluesoftware.BankApp;
				PRODUCT_NAME = "$(TARGET_NAME)";
				SWIFT_EMIT_LOC_STRINGS = YES;
				SWIFT_VERSION = 5.0;
				TARGETED_DEVICE_FAMILY = "1,2";
			};
			name = Release;
		};
/* End XCBuildConfiguration section */

/* Begin XCConfigurationList section */
		2C9CC06D2994B5B90031C15D /* Build configuration list for PBXNativeTarget "BankUnitTests" */ = {
			isa = XCConfigurationList;
			buildConfigurations = (
				2C9CC06E2994B5B90031C15D /* Debug */,
				2C9CC06F2994B5B90031C15D /* Release */,
			);
			defaultConfigurationIsVisible = 0;
			defaultConfigurationName = Release;
		};
		2CB735B22992C45F00D6A701 /* Build configuration list for PBXProject "BankApp" */ = {
			isa = XCConfigurationList;
			buildConfigurations = (
				2CB735C92992C45F00D6A701 /* Debug */,
				2CB735CA2992C45F00D6A701 /* Release */,
			);
			defaultConfigurationIsVisible = 0;
			defaultConfigurationName = Release;
		};
		2CB735CB2992C45F00D6A701 /* Build configuration list for PBXNativeTarget "BankApp" */ = {
			isa = XCConfigurationList;
			buildConfigurations = (
				2CB735CC2992C45F00D6A701 /* Debug */,
				2CB735CD2992C45F00D6A701 /* Release */,
			);
			defaultConfigurationIsVisible = 0;
			defaultConfigurationName = Release;
		};
/* End XCConfigurationList section */
	};
	rootObject = 2CB735AF2992C45F00D6A701 /* Project object */;
}
